
Microsoft Visual Studio Solution File, Format Version 12.00
# Visual Studio Version 16
VisualStudioVersion = 16.0.29519.181
MinimumVisualStudioVersion = 10.0.40219.1
Project("{9A19103F-16F7-4668-BE54-9A1E7A4F7556}") = "UniverseKino.Web", "UniverseKino.Web\UniverseKino.Web.csproj", "{23E9D714-1FAB-4227-808E-C4735F438816}"
EndProject
Project("{9A19103F-16F7-4668-BE54-9A1E7A4F7556}") = "UniverseKino.Services", "UniverseKino.Services\UniverseKino.Services.csproj", "{DE44960A-546F-4127-9069-0ADFE71853EE}"
EndProject
Project("{9A19103F-16F7-4668-BE54-9A1E7A4F7556}") = "UniverseKino.Data", "UniverseKino.Data\UniverseKino.Data.csproj", "{1F258BD2-69F2-4D98-9BD1-3F7DC02F9223}"
EndProject
Project("{FAE04EC0-301F-11D3-BF4B-00C04F79EFBC}") = "UniverseKino.Core", "UniverseKino.Core\UniverseKino.Core.csproj", "{8BB250A8-6CF2-4379-9CBC-149EE0FE7ED3}"
EndProject
Global
	GlobalSection(SolutionConfigurationPlatforms) = preSolution
		Debug|Any CPU = Debug|Any CPU
		Release|Any CPU = Release|Any CPU
	EndGlobalSection
	GlobalSection(ProjectConfigurationPlatforms) = postSolution
		{23E9D714-1FAB-4227-808E-C4735F438816}.Debug|Any CPU.ActiveCfg = Debug|Any CPU
		{23E9D714-1FAB-4227-808E-C4735F438816}.Debug|Any CPU.Build.0 = Debug|Any CPU
		{23E9D714-1FAB-4227-808E-C4735F438816}.Release|Any CPU.ActiveCfg = Release|Any CPU
		{23E9D714-1FAB-4227-808E-C4735F438816}.Release|Any CPU.Build.0 = Release|Any CPU
		{DE44960A-546F-4127-9069-0ADFE71853EE}.Debug|Any CPU.ActiveCfg = Debug|Any CPU
		{DE44960A-546F-4127-9069-0ADFE71853EE}.Debug|Any CPU.Build.0 = Debug|Any CPU
		{DE44960A-546F-4127-9069-0ADFE71853EE}.Release|Any CPU.ActiveCfg = Release|Any CPU
		{DE44960A-546F-4127-9069-0ADFE71853EE}.Release|Any CPU.Build.0 = Release|Any CPU
		{1F258BD2-69F2-4D98-9BD1-3F7DC02F9223}.Debug|Any CPU.ActiveCfg = Debug|Any CPU
		{1F258BD2-69F2-4D98-9BD1-3F7DC02F9223}.Debug|Any CPU.Build.0 = Debug|Any CPU
		{1F258BD2-69F2-4D98-9BD1-3F7DC02F9223}.Release|Any CPU.ActiveCfg = Release|Any CPU
		{1F258BD2-69F2-4D98-9BD1-3F7DC02F9223}.Release|Any CPU.Build.0 = Release|Any CPU
		{8BB250A8-6CF2-4379-9CBC-149EE0FE7ED3}.Debug|Any CPU.ActiveCfg = Debug|Any CPU
		{8BB250A8-6CF2-4379-9CBC-149EE0FE7ED3}.Debug|Any CPU.Build.0 = Debug|Any CPU
		{8BB250A8-6CF2-4379-9CBC-149EE0FE7ED3}.Release|Any CPU.ActiveCfg = Release|Any CPU
		{8BB250A8-6CF2-4379-9CBC-149EE0FE7ED3}.Release|Any CPU.Build.0 = Release|Any CPU
	EndGlobalSection
	GlobalSection(SolutionProperties) = preSolution
		HideSolutionNode = FALSE
	EndGlobalSection
	GlobalSection(ExtensibilityGlobals) = postSolution
		SolutionGuid = {7F148189-BBED-41D2-9950-C67AC956EEFB}
	EndGlobalSection
EndGlobal
